// !$*UTF8*$!
{
	archiveVersion = 1;
	classes = {
	};
	objectVersion = 46;
	objects = {

/* Begin PBXBuildFile section */
		99385FD51BD27F3500C677D1 /* AppDelegate.swift in Sources */ = {isa = PBXBuildFile; fileRef = 99385FD41BD27F3500C677D1 /* AppDelegate.swift */; };
		99385FD71BD27F3500C677D1 /* Assets.xcassets in Resources */ = {isa = PBXBuildFile; fileRef = 99385FD61BD27F3500C677D1 /* Assets.xcassets */; };
		99385FDA1BD27F3500C677D1 /* MainMenu.xib in Resources */ = {isa = PBXBuildFile; fileRef = 99385FD81BD27F3500C677D1 /* MainMenu.xib */; };
		99385FE41BD27F6300C677D1 /* Component.swift in Sources */ = {isa = PBXBuildFile; fileRef = 99385FE31BD27F6300C677D1 /* Component.swift */; settings = {ASSET_TAGS = (); }; };
		99385FE61BD27F8100C677D1 /* MainComponent.swift in Sources */ = {isa = PBXBuildFile; fileRef = 99385FE51BD27F8100C677D1 /* MainComponent.swift */; settings = {ASSET_TAGS = (); }; };
		99385FE81BD27F9800C677D1 /* Renderer.swift in Sources */ = {isa = PBXBuildFile; fileRef = 99385FE71BD27F9800C677D1 /* Renderer.swift */; settings = {ASSET_TAGS = (); }; };
		99385FEB1BD2816000C677D1 /* Button.swift in Sources */ = {isa = PBXBuildFile; fileRef = 99385FEA1BD2816000C677D1 /* Button.swift */; settings = {ASSET_TAGS = (); }; };
		99385FED1BD2817B00C677D1 /* StyleProps.swift in Sources */ = {isa = PBXBuildFile; fileRef = 99385FEC1BD2817B00C677D1 /* StyleProps.swift */; settings = {ASSET_TAGS = (); }; };
		99385FEF1BD2819200C677D1 /* Edge.swift in Sources */ = {isa = PBXBuildFile; fileRef = 99385FEE1BD2819200C677D1 /* Edge.swift */; settings = {ASSET_TAGS = (); }; };
		99385FF11BD281BD00C677D1 /* Constraint.swift in Sources */ = {isa = PBXBuildFile; fileRef = 99385FF01BD281BD00C677D1 /* Constraint.swift */; settings = {ASSET_TAGS = (); }; };
		99385FF41BD2822F00C677D1 /* NSView+Extensions.swift in Sources */ = {isa = PBXBuildFile; fileRef = 99385FF31BD2822F00C677D1 /* NSView+Extensions.swift */; settings = {ASSET_TAGS = (); }; };
		99385FF61BD2824600C677D1 /* StyledView.swift in Sources */ = {isa = PBXBuildFile; fileRef = 99385FF51BD2824600C677D1 /* StyledView.swift */; settings = {ASSET_TAGS = (); }; };
		99C942141BD28C4B00D478B4 /* SplitView.swift in Sources */ = {isa = PBXBuildFile; fileRef = 99C942131BD28C4B00D478B4 /* SplitView.swift */; settings = {ASSET_TAGS = (); }; };
		99C942161BD290A300D478B4 /* NSColor+Extensions.swift in Sources */ = {isa = PBXBuildFile; fileRef = 99C942151BD290A300D478B4 /* NSColor+Extensions.swift */; settings = {ASSET_TAGS = (); }; };
/* End PBXBuildFile section */

/* Begin PBXFileReference section */
		99385FD11BD27F3500C677D1 /* POD.app */ = {isa = PBXFileReference; explicitFileType = wrapper.application; includeInIndex = 0; path = POD.app; sourceTree = BUILT_PRODUCTS_DIR; };
		99385FD41BD27F3500C677D1 /* AppDelegate.swift */ = {isa = PBXFileReference; lastKnownFileType = sourcecode.swift; path = AppDelegate.swift; sourceTree = "<group>"; };
		99385FD61BD27F3500C677D1 /* Assets.xcassets */ = {isa = PBXFileReference; lastKnownFileType = folder.assetcatalog; path = Assets.xcassets; sourceTree = "<group>"; };
		99385FD91BD27F3500C677D1 /* Base */ = {isa = PBXFileReference; lastKnownFileType = file.xib; name = Base; path = Base.lproj/MainMenu.xib; sourceTree = "<group>"; };
		99385FDB1BD27F3500C677D1 /* Info.plist */ = {isa = PBXFileReference; lastKnownFileType = text.plist.xml; path = Info.plist; sourceTree = "<group>"; };
		99385FE31BD27F6300C677D1 /* Component.swift */ = {isa = PBXFileReference; fileEncoding = 4; lastKnownFileType = sourcecode.swift; path = Component.swift; sourceTree = "<group>"; };
		99385FE51BD27F8100C677D1 /* MainComponent.swift */ = {isa = PBXFileReference; fileEncoding = 4; lastKnownFileType = sourcecode.swift; path = MainComponent.swift; sourceTree = "<group>"; };
		99385FE71BD27F9800C677D1 /* Renderer.swift */ = {isa = PBXFileReference; fileEncoding = 4; lastKnownFileType = sourcecode.swift; path = Renderer.swift; sourceTree = "<group>"; };
		99385FEA1BD2816000C677D1 /* Button.swift */ = {isa = PBXFileReference; fileEncoding = 4; lastKnownFileType = sourcecode.swift; path = Button.swift; sourceTree = "<group>"; };
		99385FEC1BD2817B00C677D1 /* StyleProps.swift */ = {isa = PBXFileReference; fileEncoding = 4; lastKnownFileType = sourcecode.swift; path = StyleProps.swift; sourceTree = "<group>"; };
		99385FEE1BD2819200C677D1 /* Edge.swift */ = {isa = PBXFileReference; fileEncoding = 4; lastKnownFileType = sourcecode.swift; path = Edge.swift; sourceTree = "<group>"; };
		99385FF01BD281BD00C677D1 /* Constraint.swift */ = {isa = PBXFileReference; fileEncoding = 4; lastKnownFileType = sourcecode.swift; path = Constraint.swift; sourceTree = "<group>"; };
		99385FF31BD2822F00C677D1 /* NSView+Extensions.swift */ = {isa = PBXFileReference; fileEncoding = 4; lastKnownFileType = sourcecode.swift; path = "NSView+Extensions.swift"; sourceTree = "<group>"; };
		99385FF51BD2824600C677D1 /* StyledView.swift */ = {isa = PBXFileReference; fileEncoding = 4; lastKnownFileType = sourcecode.swift; path = StyledView.swift; sourceTree = "<group>"; };
		99C942131BD28C4B00D478B4 /* SplitView.swift */ = {isa = PBXFileReference; fileEncoding = 4; lastKnownFileType = sourcecode.swift; path = SplitView.swift; sourceTree = "<group>"; };
		99C942151BD290A300D478B4 /* NSColor+Extensions.swift */ = {isa = PBXFileReference; fileEncoding = 4; lastKnownFileType = sourcecode.swift; path = "NSColor+Extensions.swift"; sourceTree = "<group>"; };
/* End PBXFileReference section */

/* Begin PBXFrameworksBuildPhase section */
		99385FCE1BD27F3500C677D1 /* Frameworks */ = {
			isa = PBXFrameworksBuildPhase;
			buildActionMask = 2147483647;
			files = (
			);
			runOnlyForDeploymentPostprocessing = 0;
		};
/* End PBXFrameworksBuildPhase section */

/* Begin PBXGroup section */
		99385FC81BD27F3500C677D1 = {
			isa = PBXGroup;
			children = (
				99385FD31BD27F3500C677D1 /* POD */,
				99385FD21BD27F3500C677D1 /* Products */,
			);
			sourceTree = "<group>";
		};
		99385FD21BD27F3500C677D1 /* Products */ = {
			isa = PBXGroup;
			children = (
				99385FD11BD27F3500C677D1 /* POD.app */,
			);
			name = Products;
			sourceTree = "<group>";
		};
		99385FD31BD27F3500C677D1 /* POD */ = {
			isa = PBXGroup;
			children = (
				99385FE21BD27F5400C677D1 /* ComponentKit */,
				99385FE11BD27F4F00C677D1 /* Components */,
				99385FD41BD27F3500C677D1 /* AppDelegate.swift */,
				99385FD61BD27F3500C677D1 /* Assets.xcassets */,
				99385FD81BD27F3500C677D1 /* MainMenu.xib */,
				99385FDB1BD27F3500C677D1 /* Info.plist */,
			);
			path = POD;
			sourceTree = "<group>";
		};
		99385FE11BD27F4F00C677D1 /* Components */ = {
			isa = PBXGroup;
			children = (
				99385FE51BD27F8100C677D1 /* MainComponent.swift */,
			);
			name = Components;
			sourceTree = "<group>";
		};
		99385FE21BD27F5400C677D1 /* ComponentKit */ = {
			isa = PBXGroup;
			children = (
				99385FF81BD2825F00C677D1 /* Main */,
				99385FE91BD2815600C677D1 /* Components */,
				99385FF71BD2824F00C677D1 /* Styling */,
				99385FF21BD281C300C677D1 /* Layout */,
			);
			name = ComponentKit;
			sourceTree = "<group>";
		};
		99385FE91BD2815600C677D1 /* Components */ = {
			isa = PBXGroup;
			children = (
				99385FE31BD27F6300C677D1 /* Component.swift */,
				99385FEA1BD2816000C677D1 /* Button.swift */,
				99C942131BD28C4B00D478B4 /* SplitView.swift */,
			);
			name = Components;
			sourceTree = "<group>";
		};
		99385FF21BD281C300C677D1 /* Layout */ = {
			isa = PBXGroup;
			children = (
				99385FEE1BD2819200C677D1 /* Edge.swift */,
				99385FF01BD281BD00C677D1 /* Constraint.swift */,
			);
			name = Layout;
			sourceTree = "<group>";
		};
		99385FF71BD2824F00C677D1 /* Styling */ = {
			isa = PBXGroup;
			children = (
				99385FF51BD2824600C677D1 /* StyledView.swift */,
				99385FEC1BD2817B00C677D1 /* StyleProps.swift */,
				99385FF31BD2822F00C677D1 /* NSView+Extensions.swift */,
				99C942151BD290A300D478B4 /* NSColor+Extensions.swift */,
			);
			name = Styling;
			sourceTree = "<group>";
		};
		99385FF81BD2825F00C677D1 /* Main */ = {
			isa = PBXGroup;
			children = (
				99385FE71BD27F9800C677D1 /* Renderer.swift */,
			);
			name = Main;
			sourceTree = "<group>";
		};
/* End PBXGroup section */

/* Begin PBXNativeTarget section */
		99385FD01BD27F3500C677D1 /* POD */ = {
			isa = PBXNativeTarget;
			buildConfigurationList = 99385FDE1BD27F3500C677D1 /* Build configuration list for PBXNativeTarget "POD" */;
			buildPhases = (
				99385FCD1BD27F3500C677D1 /* Sources */,
				99385FCE1BD27F3500C677D1 /* Frameworks */,
				99385FCF1BD27F3500C677D1 /* Resources */,
			);
			buildRules = (
			);
			dependencies = (
			);
			name = POD;
			productName = POD;
			productReference = 99385FD11BD27F3500C677D1 /* POD.app */;
			productType = "com.apple.product-type.application";
		};
/* End PBXNativeTarget section */

/* Begin PBXProject section */
		99385FC91BD27F3500C677D1 /* Project object */ = {
			isa = PBXProject;
			attributes = {
				LastUpgradeCheck = 0700;
				ORGANIZATIONNAME = "Vojtech Rinik";
				TargetAttributes = {
					99385FD01BD27F3500C677D1 = {
						CreatedOnToolsVersion = 7.0.1;
					};
				};
			};
			buildConfigurationList = 99385FCC1BD27F3500C677D1 /* Build configuration list for PBXProject "POD" */;
			compatibilityVersion = "Xcode 3.2";
			developmentRegion = English;
			hasScannedForEncodings = 0;
			knownRegions = (
				en,
				Base,
			);
			mainGroup = 99385FC81BD27F3500C677D1;
			productRefGroup = 99385FD21BD27F3500C677D1 /* Products */;
			projectDirPath = "";
			projectRoot = "";
			targets = (
				99385FD01BD27F3500C677D1 /* POD */,
			);
		};
/* End PBXProject section */

/* Begin PBXResourcesBuildPhase section */
		99385FCF1BD27F3500C677D1 /* Resources */ = {
			isa = PBXResourcesBuildPhase;
			buildActionMask = 2147483647;
			files = (
				99385FD71BD27F3500C677D1 /* Assets.xcassets in Resources */,
				99385FDA1BD27F3500C677D1 /* MainMenu.xib in Resources */,
			);
			runOnlyForDeploymentPostprocessing = 0;
		};
/* End PBXResourcesBuildPhase section */

/* Begin PBXSourcesBuildPhase section */
		99385FCD1BD27F3500C677D1 /* Sources */ = {
			isa = PBXSourcesBuildPhase;
			buildActionMask = 2147483647;
			files = (
				99385FF11BD281BD00C677D1 /* Constraint.swift in Sources */,
				99385FEB1BD2816000C677D1 /* Button.swift in Sources */,
				99C942161BD290A300D478B4 /* NSColor+Extensions.swift in Sources */,
				99385FF41BD2822F00C677D1 /* NSView+Extensions.swift in Sources */,
				99C942141BD28C4B00D478B4 /* SplitView.swift in Sources */,
				99385FE81BD27F9800C677D1 /* Renderer.swift in Sources */,
				99385FEF1BD2819200C677D1 /* Edge.swift in Sources */,
				99385FF61BD2824600C677D1 /* StyledView.swift in Sources */,
				99385FED1BD2817B00C677D1 /* StyleProps.swift in Sources */,
				99385FD51BD27F3500C677D1 /* AppDelegate.swift in Sources */,
				99385FE41BD27F6300C677D1 /* Component.swift in Sources */,
				99385FE61BD27F8100C677D1 /* MainComponent.swift in Sources */,
			);
			runOnlyForDeploymentPostprocessing = 0;
		};
/* End PBXSourcesBuildPhase section */

/* Begin PBXVariantGroup section */
		99385FD81BD27F3500C677D1 /* MainMenu.xib */ = {
			isa = PBXVariantGroup;
			children = (
				99385FD91BD27F3500C677D1 /* Base */,
			);
			name = MainMenu.xib;
			sourceTree = "<group>";
		};
/* End PBXVariantGroup section */

/* Begin XCBuildConfiguration section */
		99385FDC1BD27F3500C677D1 /* Debug */ = {
			isa = XCBuildConfiguration;
			buildSettings = {
				ALWAYS_SEARCH_USER_PATHS = NO;
				CLANG_CXX_LANGUAGE_STANDARD = "gnu++0x";
				CLANG_CXX_LIBRARY = "libc++";
				CLANG_ENABLE_MODULES = YES;
				CLANG_ENABLE_OBJC_ARC = YES;
				CLANG_WARN_BOOL_CONVERSION = YES;
				CLANG_WARN_CONSTANT_CONVERSION = YES;
				CLANG_WARN_DIRECT_OBJC_ISA_USAGE = YES_ERROR;
				CLANG_WARN_EMPTY_BODY = YES;
				CLANG_WARN_ENUM_CONVERSION = YES;
				CLANG_WARN_INT_CONVERSION = YES;
				CLANG_WARN_OBJC_ROOT_CLASS = YES_ERROR;
				CLANG_WARN_UNREACHABLE_CODE = YES;
				CLANG_WARN__DUPLICATE_METHOD_MATCH = YES;
				CODE_SIGN_IDENTITY = "-";
				COPY_PHASE_STRIP = NO;
				DEBUG_INFORMATION_FORMAT = dwarf;
				ENABLE_STRICT_OBJC_MSGSEND = YES;
				ENABLE_TESTABILITY = YES;
				GCC_C_LANGUAGE_STANDARD = gnu99;
				GCC_DYNAMIC_NO_PIC = NO;
				GCC_NO_COMMON_BLOCKS = YES;
				GCC_OPTIMIZATION_LEVEL = 0;
				GCC_PREPROCESSOR_DEFINITIONS = (
					"DEBUG=1",
					"$(inherited)",
				);
				GCC_WARN_64_TO_32_BIT_CONVERSION = YES;
				GCC_WARN_ABOUT_RETURN_TYPE = YES_ERROR;
				GCC_WARN_UNDECLARED_SELECTOR = YES;
				GCC_WARN_UNINITIALIZED_AUTOS = YES_AGGRESSIVE;
				GCC_WARN_UNUSED_FUNCTION = YES;
				GCC_WARN_UNUSED_VARIABLE = YES;
				MACOSX_DEPLOYMENT_TARGET = 10.11;
				MTL_ENABLE_DEBUG_INFO = YES;
				ONLY_ACTIVE_ARCH = YES;
				SDKROOT = macosx;
				SWIFT_OPTIMIZATION_LEVEL = "-Onone";
			};
			name = Debug;
		};
		99385FDD1BD27F3500C677D1 /* Release */ = {
			isa = XCBuildConfiguration;
			buildSettings = {
				ALWAYS_SEARCH_USER_PATHS = NO;
				CLANG_CXX_LANGUAGE_STANDARD = "gnu++0x";
				CLANG_CXX_LIBRARY = "libc++";
				CLANG_ENABLE_MODULES = YES;
				CLANG_ENABLE_OBJC_ARC = YES;
				CLANG_WARN_BOOL_CONVERSION = YES;
				CLANG_WARN_CONSTANT_CONVERSION = YES;
				CLANG_WARN_DIRECT_OBJC_ISA_USAGE = YES_ERROR;
				CLANG_WARN_EMPTY_BODY = YES;
				CLANG_WARN_ENUM_CONVERSION = YES;
				CLANG_WARN_INT_CONVERSION = YES;
				CLANG_WARN_OBJC_ROOT_CLASS = YES_ERROR;
				CLANG_WARN_UNREACHABLE_CODE = YES;
				CLANG_WARN__DUPLICATE_METHOD_MATCH = YES;
				CODE_SIGN_IDENTITY = "-";
				COPY_PHASE_STRIP = NO;
				DEBUG_INFORMATION_FORMAT = "dwarf-with-dsym";
				ENABLE_NS_ASSERTIONS = NO;
				ENABLE_STRICT_OBJC_MSGSEND = YES;
				GCC_C_LANGUAGE_STANDARD = gnu99;
				GCC_NO_COMMON_BLOCKS = YES;
				GCC_WARN_64_TO_32_BIT_CONVERSION = YES;
				GCC_WARN_ABOUT_RETURN_TYPE = YES_ERROR;
				GCC_WARN_UNDECLARED_SELECTOR = YES;
				GCC_WARN_UNINITIALIZED_AUTOS = YES_AGGRESSIVE;
				GCC_WARN_UNUSED_FUNCTION = YES;
				GCC_WARN_UNUSED_VARIABLE = YES;
				MACOSX_DEPLOYMENT_TARGET = 10.11;
				MTL_ENABLE_DEBUG_INFO = NO;
				SDKROOT = macosx;
			};
			name = Release;
		};
		99385FDF1BD27F3500C677D1 /* Debug */ = {
			isa = XCBuildConfiguration;
			buildSettings = {
				ASSETCATALOG_COMPILER_APPICON_NAME = AppIcon;
				COMBINE_HIDPI_IMAGES = YES;
				INFOPLIST_FILE = POD/Info.plist;
				LD_RUNPATH_SEARCH_PATHS = "$(inherited) @executable_path/../Frameworks";
				PRODUCT_BUNDLE_IDENTIFIER = rinik.POD;
				PRODUCT_NAME = "$(TARGET_NAME)";
			};
			name = Debug;
		};
		99385FE01BD27F3500C677D1 /* Release */ = {
			isa = XCBuildConfiguration;
			buildSettings = {
				ASSETCATALOG_COMPILER_APPICON_NAME = AppIcon;
				COMBINE_HIDPI_IMAGES = YES;
				INFOPLIST_FILE = POD/Info.plist;
				LD_RUNPATH_SEARCH_PATHS = "$(inherited) @executable_path/../Frameworks";
				PRODUCT_BUNDLE_IDENTIFIER = rinik.POD;
				PRODUCT_NAME = "$(TARGET_NAME)";
			};
			name = Release;
		};
/* End XCBuildConfiguration section */

/* Begin XCConfigurationList section */
		99385FCC1BD27F3500C677D1 /* Build configuration list for PBXProject "POD" */ = {
			isa = XCConfigurationList;
			buildConfigurations = (
				99385FDC1BD27F3500C677D1 /* Debug */,
				99385FDD1BD27F3500C677D1 /* Release */,
			);
			defaultConfigurationIsVisible = 0;
			defaultConfigurationName = Release;
		};
		99385FDE1BD27F3500C677D1 /* Build configuration list for PBXNativeTarget "POD" */ = {
			isa = XCConfigurationList;
			buildConfigurations = (
				99385FDF1BD27F3500C677D1 /* Debug */,
				99385FE01BD27F3500C677D1 /* Release */,
			);
			defaultConfigurationIsVisible = 0;
			defaultConfigurationName = Release;
		};
/* End XCConfigurationList section */
	};
	rootObject = 99385FC91BD27F3500C677D1 /* Project object */;
}
